<?xml version="1.0" encoding="utf-8"?>
<Project ToolsVersion="4.0" xmlns="http://schemas.microsoft.com/developer/msbuild/2003">
  <ItemGroup>
    <Filter Include="Hazel">
      <UniqueIdentifier>{99294D0D-053E-75BE-CEBF-181E3A9371EF}</UniqueIdentifier>
    </Filter>
    <Filter Include="Hazel\Events">
      <UniqueIdentifier>{5DEF92FE-4952-22A3-F2D7-5A59DE19EE25}</UniqueIdentifier>
    </Filter>
    <Filter Include="Hazel\Platfrom">
      <UniqueIdentifier>{6D4E2A0B-591C-1E11-42B0-8E372E1DFA75}</UniqueIdentifier>
    </Filter>
    <Filter Include="Hazel\Platfrom\Opengl">
      <UniqueIdentifier>{41DF2A21-AD4B-E61B-763F-7E79E26A0884}</UniqueIdentifier>
    </Filter>
    <Filter Include="Hazel\Platfrom\Windows">
      <UniqueIdentifier>{A715A29E-930F-CBF0-7C7C-61016815315D}</UniqueIdentifier>
    </Filter>
    <Filter Include="Hazel\imGui">
      <UniqueIdentifier>{A3BDA19D-0F73-1A93-9867-146A041C1197}</UniqueIdentifier>
    </Filter>
  </ItemGroup>
  <ItemGroup>
    <ClInclude Include="src\Hazel.h" />
    <ClInclude Include="src\Hazel\Application.h">
      <Filter>Hazel</Filter>
    </ClInclude>
    <ClInclude Include="src\Hazel\EntryPoint.h">
      <Filter>Hazel</Filter>
    </ClInclude>
    <ClInclude Include="src\Hazel\Events\ApplicationEvent.h">
      <Filter>Hazel\Events</Filter>
    </ClInclude>
    <ClInclude Include="src\Hazel\Events\Event.h">
      <Filter>Hazel\Events</Filter>
    </ClInclude>
    <ClInclude Include="src\Hazel\Events\KeyEvent.h">
      <Filter>Hazel\Events</Filter>
    </ClInclude>
    <ClInclude Include="src\Hazel\Events\MouseEvent.h">
      <Filter>Hazel\Events</Filter>
    </ClInclude>
    <ClInclude Include="src\Hazel\Layer.h">
      <Filter>Hazel</Filter>
    </ClInclude>
    <ClInclude Include="src\Hazel\LayerStack.h">
      <Filter>Hazel</Filter>
    </ClInclude>
    <ClInclude Include="src\Hazel\Log.h">
      <Filter>Hazel</Filter>
    </ClInclude>
    <ClInclude Include="src\Hazel\Platfrom\Windows\WindowsWindow.h">
      <Filter>Hazel\Platfrom\Windows</Filter>
    </ClInclude>
    <ClInclude Include="src\Hazel\Window.h">
      <Filter>Hazel</Filter>
    </ClInclude>
    <ClInclude Include="src\Hazel\core.h">
      <Filter>Hazel</Filter>
    </ClInclude>
    <ClInclude Include="src\Hazel\imGui\imGuiLayer.h">
      <Filter>Hazel\imGui</Filter>
    </ClInclude>
    <ClInclude Include="src\hzpch.h" />
    <ClInclude Include="src\Hazel\Platfrom\Opengl\imguiOpenGLRender.h" />
    <ClInclude Include="src\Hazel\Platfrom\Windows\WindowsInput.h" />
    <ClInclude Include="src\Hazel\KeyCodes.h" />
    <ClInclude Include="src\Hazel\MouseButtonCodes.h" />
  </ItemGroup>
  <ItemGroup>
    <ClCompile Include="src\Hazel\Application.cpp">
      <Filter>Hazel</Filter>
    </ClCompile>
    <ClCompile Include="src\Hazel\Layer.cpp">
      <Filter>Hazel</Filter>
    </ClCompile>
    <ClCompile Include="src\Hazel\LayerStack.cpp">
      <Filter>Hazel</Filter>
    </ClCompile>
    <ClCompile Include="src\Hazel\Log.cpp">
      <Filter>Hazel</Filter>
    </ClCompile>
    <ClCompile Include="src\Hazel\Platfrom\Windows\WindowsWindow.cpp">
      <Filter>Hazel\Platfrom\Windows</Filter>
    </ClCompile>
    <ClCompile Include="src\Hazel\imGui\imGuiLayer.cpp">
      <Filter>Hazel\imGui</Filter>
    </ClCompile>
    <ClCompile Include="src\hzpch.cpp" />
    <ClCompile Include="src\Hazel\Platfrom\Opengl\imguiOpenGLRender.cpp" />
    <ClCompile Include="src\Hazel\Input.h" />
    <ClCompile Include="src\Hazel\Platfrom\Windows\WindowsInput.cpp" />
  </ItemGroup>
</Project>